
Microsoft Visual Studio Solution File, Format Version 12.00
# Visual Studio Version 17
VisualStudioVersion = 17.3.32901.215
MinimumVisualStudioVersion = 10.0.40219.1
Project("{9A19103F-16F7-4668-BE54-9A1E7A4F7556}") = "BOXR.UI", "BOXR\BOXR.UI.csproj", "{5E3CAAD0-1E83-4F6D-A0C6-0888D9306517}"
EndProject
Project("{9A19103F-16F7-4668-BE54-9A1E7A4F7556}") = "BOXR.Data", "BOXR.Data\BOXR.Data.csproj", "{5BA3E209-95F5-4782-A1B7-20A8B1E8F44A}"
EndProject
Project("{9A19103F-16F7-4668-BE54-9A1E7A4F7556}") = "BOXR.DataAccess", "BOXR.DataAccess\BOXR.DataAccess.csproj", "{D4B2E02D-B158-40BB-A374-559AEF94F6F5}"
EndProject
Project("{FAE04EC0-301F-11D3-BF4B-00C04F79EFBC}") = "BOXR.Domain", "BOXR.Domain\BOXR.Domain.csproj", "{C6388F6E-9D69-4D80-8487-9E331D889BDB}"
EndProject
Global
	GlobalSection(SolutionConfigurationPlatforms) = preSolution
		Debug|Any CPU = Debug|Any CPU
		Release|Any CPU = Release|Any CPU
	EndGlobalSection
	GlobalSection(ProjectConfigurationPlatforms) = postSolution
		{5E3CAAD0-1E83-4F6D-A0C6-0888D9306517}.Debug|Any CPU.ActiveCfg = Debug|Any CPU
		{5E3CAAD0-1E83-4F6D-A0C6-0888D9306517}.Debug|Any CPU.Build.0 = Debug|Any CPU
		{5E3CAAD0-1E83-4F6D-A0C6-0888D9306517}.Release|Any CPU.ActiveCfg = Release|Any CPU
		{5E3CAAD0-1E83-4F6D-A0C6-0888D9306517}.Release|Any CPU.Build.0 = Release|Any CPU
		{5BA3E209-95F5-4782-A1B7-20A8B1E8F44A}.Debug|Any CPU.ActiveCfg = Debug|Any CPU
		{5BA3E209-95F5-4782-A1B7-20A8B1E8F44A}.Debug|Any CPU.Build.0 = Debug|Any CPU
		{5BA3E209-95F5-4782-A1B7-20A8B1E8F44A}.Release|Any CPU.ActiveCfg = Release|Any CPU
		{5BA3E209-95F5-4782-A1B7-20A8B1E8F44A}.Release|Any CPU.Build.0 = Release|Any CPU
		{D4B2E02D-B158-40BB-A374-559AEF94F6F5}.Debug|Any CPU.ActiveCfg = Debug|Any CPU
		{D4B2E02D-B158-40BB-A374-559AEF94F6F5}.Debug|Any CPU.Build.0 = Debug|Any CPU
		{D4B2E02D-B158-40BB-A374-559AEF94F6F5}.Release|Any CPU.ActiveCfg = Release|Any CPU
		{D4B2E02D-B158-40BB-A374-559AEF94F6F5}.Release|Any CPU.Build.0 = Release|Any CPU
		{C6388F6E-9D69-4D80-8487-9E331D889BDB}.Debug|Any CPU.ActiveCfg = Debug|Any CPU
		{C6388F6E-9D69-4D80-8487-9E331D889BDB}.Debug|Any CPU.Build.0 = Debug|Any CPU
		{C6388F6E-9D69-4D80-8487-9E331D889BDB}.Release|Any CPU.ActiveCfg = Release|Any CPU
		{C6388F6E-9D69-4D80-8487-9E331D889BDB}.Release|Any CPU.Build.0 = Release|Any CPU
	EndGlobalSection
	GlobalSection(SolutionProperties) = preSolution
		HideSolutionNode = FALSE
	EndGlobalSection
	GlobalSection(ExtensibilityGlobals) = postSolution
		SolutionGuid = {AEC7612A-B4AD-4031-B307-CB08B268C0F4}
	EndGlobalSection
EndGlobal
